
Microsoft Visual Studio Solution File, Format Version 12.00
# Visual Studio 15
VisualStudioVersion = 15.0.28307.1433
MinimumVisualStudioVersion = 10.0.40219.1
Project("{FAE04EC0-301F-11D3-BF4B-00C04F79EFBC}") = "SeniASCIICreater", "SeniASCIICreater\SeniASCIICreater.csproj", "{980037EC-1550-434E-A702-B4F4FCE1C926}"
EndProject
Global
	GlobalSection(SolutionConfigurationPlatforms) = preSolution
		Debug|Any CPU = Debug|Any CPU
		Release|Any CPU = Release|Any CPU
	EndGlobalSection
	GlobalSection(ProjectConfigurationPlatforms) = postSolution
		{980037EC-1550-434E-A702-B4F4FCE1C926}.Debug|Any CPU.ActiveCfg = Debug|Any CPU
		{980037EC-1550-434E-A702-B4F4FCE1C926}.Debug|Any CPU.Build.0 = Debug|Any CPU
		{980037EC-1550-434E-A702-B4F4FCE1C926}.Release|Any CPU.ActiveCfg = Release|Any CPU
		{980037EC-1550-434E-A702-B4F4FCE1C926}.Release|Any CPU.Build.0 = Release|Any CPU
	EndGlobalSection
	GlobalSection(SolutionProperties) = preSolution
		HideSolutionNode = FALSE
	EndGlobalSection
	GlobalSection(ExtensibilityGlobals) = postSolution
		SolutionGuid = {9729EC26-FFFF-4B8B-A513-26864435313C}
	EndGlobalSection
EndGlobal
